
Microsoft Visual Studio Solution File, Format Version 12.00
# Visual Studio Version 17
VisualStudioVersion = 17.3.32819.101
MinimumVisualStudioVersion = 10.0.40219.1
Project("{FAE04EC0-301F-11D3-BF4B-00C04F79EFBC}") = "blackjack21", "blackjack21\blackjack21.csproj", "{FF2C9B09-E2AA-4641-9CE3-B4D29C3EBE30}"
EndProject
Global
	GlobalSection(SolutionConfigurationPlatforms) = preSolution
		Debug|Any CPU = Debug|Any CPU
		Release|Any CPU = Release|Any CPU
	EndGlobalSection
	GlobalSection(ProjectConfigurationPlatforms) = postSolution
		{FF2C9B09-E2AA-4641-9CE3-B4D29C3EBE30}.Debug|Any CPU.ActiveCfg = Debug|Any CPU
		{FF2C9B09-E2AA-4641-9CE3-B4D29C3EBE30}.Debug|Any CPU.Build.0 = Debug|Any CPU
		{FF2C9B09-E2AA-4641-9CE3-B4D29C3EBE30}.Release|Any CPU.ActiveCfg = Release|Any CPU
		{FF2C9B09-E2AA-4641-9CE3-B4D29C3EBE30}.Release|Any CPU.Build.0 = Release|Any CPU
	EndGlobalSection
	GlobalSection(SolutionProperties) = preSolution
		HideSolutionNode = FALSE
	EndGlobalSection
	GlobalSection(ExtensibilityGlobals) = postSolution
		SolutionGuid = {B13DB3A3-413B-43DC-96CC-DC65FD4ABC9A}
	EndGlobalSection
EndGlobal
